Microsoft Visual Studio Solution File, Format Version 12.00
# Visual Studio Version 17
VisualStudioVersion = 17.5.2.0
MinimumVisualStudioVersion = 10.0.40219.1
Project("{FAE04EC0-301F-11D3-BF4B-00C04F79EFBC}") = "weather", "weather.csproj", "{714C4CEC-AEA0-2F86-2568-29609F9DEC43}"
EndProject
Global
	GlobalSection(SolutionConfigurationPlatforms) = preSolution
		Debug|Any CPU = Debug|Any CPU
		Release|Any CPU = Release|Any CPU
	EndGlobalSection
	GlobalSection(ProjectConfigurationPlatforms) = postSolution
		{714C4CEC-AEA0-2F86-2568-29609F9DEC43}.Debug|Any CPU.ActiveCfg = Debug|Any CPU
		{714C4CEC-AEA0-2F86-2568-29609F9DEC43}.Debug|Any CPU.Build.0 = Debug|Any CPU
		{714C4CEC-AEA0-2F86-2568-29609F9DEC43}.Release|Any CPU.ActiveCfg = Release|Any CPU
		{714C4CEC-AEA0-2F86-2568-29609F9DEC43}.Release|Any CPU.Build.0 = Release|Any CPU
	EndGlobalSection
	GlobalSection(SolutionProperties) = preSolution
		HideSolutionNode = FALSE
	EndGlobalSection
	GlobalSection(ExtensibilityGlobals) = postSolution
		SolutionGuid = {5819F6E4-B9C4-4D48-B8E7-4D3B9BD86A13}
	EndGlobalSection
EndGlobal
